
Microsoft Visual Studio Solution File, Format Version 12.00
# Visual Studio Version 16
VisualStudioVersion = 16.0.32126.315
MinimumVisualStudioVersion = 10.0.40219.1
Project("{2150E333-8FDC-42A3-9474-1A3956D46DE8}") = "Items", "Items", "{496B5D58-CC92-4C46-BAE8-C0B682F57DA5}"
EndProject
Project("{2150E333-8FDC-42A3-9474-1A3956D46DE8}") = "Source", "Source", "{55DC8071-87A6-45AC-B1E5-370691BFBEB8}"
EndProject
Project("{2150E333-8FDC-42A3-9474-1A3956D46DE8}") = "Services", "Services", "{2B48E8A6-0C00-410F-B927-84C73C033FD4}"
EndProject
Project("{2150E333-8FDC-42A3-9474-1A3956D46DE8}") = "BasketService", "BasketService", "{306FC817-A961-4283-8804-D2274B3DA3A7}"
EndProject
Project("{2150E333-8FDC-42A3-9474-1A3956D46DE8}") = "IdentityService", "IdentityService", "{3343D1BF-BDE0-4CBB-BB14-FD6F25157176}"
EndProject
Project("{2150E333-8FDC-42A3-9474-1A3956D46DE8}") = "NotificationService", "NotificationService", "{7ACB978D-EAC6-4573-B984-EA130383791E}"
EndProject
Project("{2150E333-8FDC-42A3-9474-1A3956D46DE8}") = "OrderService", "OrderService", "{C6519403-E3E0-4BDC-82E8-B8D5F1C026E2}"
EndProject
Project("{2150E333-8FDC-42A3-9474-1A3956D46DE8}") = "PaymentService", "PaymentService", "{3729C217-32C6-4AC5-8A99-2BD6C6C3C7F6}"
EndProject
Project("{2150E333-8FDC-42A3-9474-1A3956D46DE8}") = "ProductService", "ProductService", "{04EFCA29-82C8-47F6-A66A-700D8E823800}"
EndProject
Project("{2150E333-8FDC-42A3-9474-1A3956D46DE8}") = "Clients", "Clients", "{ED9D3429-7EDA-4E15-BD25-4B518650F44F}"
EndProject
Project("{2150E333-8FDC-42A3-9474-1A3956D46DE8}") = "BuildingBlocks", "BuildingBlocks", "{7DA8B692-5D4C-46A3-8F08-51FA17B2D56C}"
EndProject
Project("{2150E333-8FDC-42A3-9474-1A3956D46DE8}") = "ApiGateways", "ApiGateways", "{CD99B323-B0A9-4F88-AD31-6F646E6E69F3}"
EndProject
Project("{2150E333-8FDC-42A3-9474-1A3956D46DE8}") = "ServicePorts", "ServicePorts", "{0FF0E550-B2A3-42F8-8A78-2550ED66DEB5}"
	ProjectSection(SolutionItems) = preProject
		DockerPort.txt = DockerPort.txt
		ServicePort.txt = ServicePort.txt
	EndProjectSection
EndProject
Project("{2150E333-8FDC-42A3-9474-1A3956D46DE8}") = "EventBus", "EventBus", "{4F010D67-D69E-4CCB-A935-DBBD48C76176}"
EndProject
Project("{9A19103F-16F7-4668-BE54-9A1E7A4F7556}") = "EventBus.Base", "Source\BuildingBlocks\EventBus\EventBus.Base\EventBus.Base.csproj", "{569BFE0A-CA0B-4ABC-92AE-58F2FA46C583}"
EndProject
Project("{9A19103F-16F7-4668-BE54-9A1E7A4F7556}") = "EventBus.RabbitMQ", "Source\BuildingBlocks\EventBus\EventBus.RabbitMQ\EventBus.RabbitMQ.csproj", "{1A920ABE-790E-413E-8401-456816C9804A}"
EndProject
Project("{9A19103F-16F7-4668-BE54-9A1E7A4F7556}") = "EventBus.Redirect", "Source\BuildingBlocks\EventBus\EventBus.Redirect\EventBus.Redirect.csproj", "{A134B0EE-15CA-4E91-BB2D-3B5D4AC8480C}"
EndProject
Project("{9A19103F-16F7-4668-BE54-9A1E7A4F7556}") = "ProductServiceApi", "Source\Services\ProductService\ProductServiceApi\ProductServiceApi.csproj", "{F995CDF7-2C66-48CA-8B1A-6007B60E8B8E}"
EndProject
Project("{9A19103F-16F7-4668-BE54-9A1E7A4F7556}") = "Web.ApiGateway", "Source\Apigateways\Web.ApiGateway\Web.ApiGateway.csproj", "{E42B8D68-A89D-49C2-A2DF-022FBC88837A}"
EndProject
Project("{9A19103F-16F7-4668-BE54-9A1E7A4F7556}") = "IdentityCheckServiceApi", "Source\Services\IdentityService\IdentityCheckServiceApi\IdentityCheckServiceApi.csproj", "{A2FD6860-1E29-4231-B178-F08FD7C1542A}"
EndProject
Project("{9A19103F-16F7-4668-BE54-9A1E7A4F7556}") = "BasketServiceApi", "Source\Services\BasketService\BasketServiceApi\BasketServiceApi.csproj", "{B9A5F543-81A0-486E-B1D0-1A8C1E9CDFB2}"
EndProject
Project("{9A19103F-16F7-4668-BE54-9A1E7A4F7556}") = "NotificationService", "Source\Services\NotificationService\NotificationService\NotificationService.csproj", "{60011C87-8895-48A4-ACFD-F930F7481315}"
EndProject
Project("{9A19103F-16F7-4668-BE54-9A1E7A4F7556}") = "PaymentServiceApi", "Source\Services\PaymentService\PaymentServiceApi\PaymentServiceApi.csproj", "{0704205A-F235-46FB-889F-F642EAEE48E9}"
EndProject
Project("{2150E333-8FDC-42A3-9474-1A3956D46DE8}") = "BlazorWebApplication", "BlazorWebApplication", "{E6DEE8C7-DDFA-4ACA-A900-1E9052D7F900}"
EndProject
Project("{9A19103F-16F7-4668-BE54-9A1E7A4F7556}") = "WebApplication", "Source\Clients\BlazorWebApplication\WebApplication\WebApplication.csproj", "{7AD79B09-377E-4357-B61F-DA829F90D18E}"
EndProject
Project("{9A19103F-16F7-4668-BE54-9A1E7A4F7556}") = "OrderServiceApi", "Source\Services\OrderService\OrderServiceApi\OrderServiceApi.csproj", "{A74902B0-7D5B-4890-8186-07A9A8803165}"
EndProject
Project("{2150E333-8FDC-42A3-9474-1A3956D46DE8}") = "BlazorWebApplicationAdminPanel", "BlazorWebApplicationAdminPanel", "{C7313BC1-C329-4A06-ADE9-43D5E8A41DE2}"
EndProject
Project("{9A19103F-16F7-4668-BE54-9A1E7A4F7556}") = "WebApplicationAdminPanel", "Source\Clients\BlazorWebApplicationAdminPanel\WebApplicationAdminPanel\WebApplicationAdminPanel.csproj", "{BDBF0758-2105-4F87-A11F-FF4EF0EC3CC4}"
EndProject
Project("{E53339B2-1760-4266-BCC7-CA923CBCF16C}") = "docker-compose", "docker-compose.dcproj", "{861F112F-2790-404B-B556-48A1EADA0FA2}"
EndProject
Global
	GlobalSection(SolutionConfigurationPlatforms) = preSolution
		Debug|Any CPU = Debug|Any CPU
		Release|Any CPU = Release|Any CPU
	EndGlobalSection
	GlobalSection(ProjectConfigurationPlatforms) = postSolution
		{569BFE0A-CA0B-4ABC-92AE-58F2FA46C583}.Debug|Any CPU.ActiveCfg = Debug|Any CPU
		{569BFE0A-CA0B-4ABC-92AE-58F2FA46C583}.Debug|Any CPU.Build.0 = Debug|Any CPU
		{569BFE0A-CA0B-4ABC-92AE-58F2FA46C583}.Release|Any CPU.ActiveCfg = Release|Any CPU
		{569BFE0A-CA0B-4ABC-92AE-58F2FA46C583}.Release|Any CPU.Build.0 = Release|Any CPU
		{1A920ABE-790E-413E-8401-456816C9804A}.Debug|Any CPU.ActiveCfg = Debug|Any CPU
		{1A920ABE-790E-413E-8401-456816C9804A}.Debug|Any CPU.Build.0 = Debug|Any CPU
		{1A920ABE-790E-413E-8401-456816C9804A}.Release|Any CPU.ActiveCfg = Release|Any CPU
		{1A920ABE-790E-413E-8401-456816C9804A}.Release|Any CPU.Build.0 = Release|Any CPU
		{A134B0EE-15CA-4E91-BB2D-3B5D4AC8480C}.Debug|Any CPU.ActiveCfg = Debug|Any CPU
		{A134B0EE-15CA-4E91-BB2D-3B5D4AC8480C}.Debug|Any CPU.Build.0 = Debug|Any CPU
		{A134B0EE-15CA-4E91-BB2D-3B5D4AC8480C}.Release|Any CPU.ActiveCfg = Release|Any CPU
		{A134B0EE-15CA-4E91-BB2D-3B5D4AC8480C}.Release|Any CPU.Build.0 = Release|Any CPU
		{F995CDF7-2C66-48CA-8B1A-6007B60E8B8E}.Debug|Any CPU.ActiveCfg = Debug|Any CPU
		{F995CDF7-2C66-48CA-8B1A-6007B60E8B8E}.Debug|Any CPU.Build.0 = Debug|Any CPU
		{F995CDF7-2C66-48CA-8B1A-6007B60E8B8E}.Release|Any CPU.ActiveCfg = Release|Any CPU
		{F995CDF7-2C66-48CA-8B1A-6007B60E8B8E}.Release|Any CPU.Build.0 = Release|Any CPU
		{E42B8D68-A89D-49C2-A2DF-022FBC88837A}.Debug|Any CPU.ActiveCfg = Debug|Any CPU
		{E42B8D68-A89D-49C2-A2DF-022FBC88837A}.Debug|Any CPU.Build.0 = Debug|Any CPU
		{E42B8D68-A89D-49C2-A2DF-022FBC88837A}.Release|Any CPU.ActiveCfg = Release|Any CPU
		{E42B8D68-A89D-49C2-A2DF-022FBC88837A}.Release|Any CPU.Build.0 = Release|Any CPU
		{A2FD6860-1E29-4231-B178-F08FD7C1542A}.Debug|Any CPU.ActiveCfg = Debug|Any CPU
		{A2FD6860-1E29-4231-B178-F08FD7C1542A}.Debug|Any CPU.Build.0 = Debug|Any CPU
		{A2FD6860-1E29-4231-B178-F08FD7C1542A}.Release|Any CPU.ActiveCfg = Release|Any CPU
		{A2FD6860-1E29-4231-B178-F08FD7C1542A}.Release|Any CPU.Build.0 = Release|Any CPU
		{B9A5F543-81A0-486E-B1D0-1A8C1E9CDFB2}.Debug|Any CPU.ActiveCfg = Debug|Any CPU
		{B9A5F543-81A0-486E-B1D0-1A8C1E9CDFB2}.Debug|Any CPU.Build.0 = Debug|Any CPU
		{B9A5F543-81A0-486E-B1D0-1A8C1E9CDFB2}.Release|Any CPU.ActiveCfg = Release|Any CPU
		{B9A5F543-81A0-486E-B1D0-1A8C1E9CDFB2}.Release|Any CPU.Build.0 = Release|Any CPU
		{60011C87-8895-48A4-ACFD-F930F7481315}.Debug|Any CPU.ActiveCfg = Debug|Any CPU
		{60011C87-8895-48A4-ACFD-F930F7481315}.Debug|Any CPU.Build.0 = Debug|Any CPU
		{60011C87-8895-48A4-ACFD-F930F7481315}.Release|Any CPU.ActiveCfg = Release|Any CPU
		{60011C87-8895-48A4-ACFD-F930F7481315}.Release|Any CPU.Build.0 = Release|Any CPU
		{0704205A-F235-46FB-889F-F642EAEE48E9}.Debug|Any CPU.ActiveCfg = Debug|Any CPU
		{0704205A-F235-46FB-889F-F642EAEE48E9}.Debug|Any CPU.Build.0 = Debug|Any CPU
		{0704205A-F235-46FB-889F-F642EAEE48E9}.Release|Any CPU.ActiveCfg = Release|Any CPU
		{0704205A-F235-46FB-889F-F642EAEE48E9}.Release|Any CPU.Build.0 = Release|Any CPU
		{7AD79B09-377E-4357-B61F-DA829F90D18E}.Debug|Any CPU.ActiveCfg = Debug|Any CPU
		{7AD79B09-377E-4357-B61F-DA829F90D18E}.Debug|Any CPU.Build.0 = Debug|Any CPU
		{7AD79B09-377E-4357-B61F-DA829F90D18E}.Release|Any CPU.ActiveCfg = Release|Any CPU
		{7AD79B09-377E-4357-B61F-DA829F90D18E}.Release|Any CPU.Build.0 = Release|Any CPU
		{A74902B0-7D5B-4890-8186-07A9A8803165}.Debug|Any CPU.ActiveCfg = Debug|Any CPU
		{A74902B0-7D5B-4890-8186-07A9A8803165}.Debug|Any CPU.Build.0 = Debug|Any CPU
		{A74902B0-7D5B-4890-8186-07A9A8803165}.Release|Any CPU.ActiveCfg = Release|Any CPU
		{A74902B0-7D5B-4890-8186-07A9A8803165}.Release|Any CPU.Build.0 = Release|Any CPU
		{BDBF0758-2105-4F87-A11F-FF4EF0EC3CC4}.Debug|Any CPU.ActiveCfg = Debug|Any CPU
		{BDBF0758-2105-4F87-A11F-FF4EF0EC3CC4}.Debug|Any CPU.Build.0 = Debug|Any CPU
		{BDBF0758-2105-4F87-A11F-FF4EF0EC3CC4}.Release|Any CPU.ActiveCfg = Release|Any CPU
		{BDBF0758-2105-4F87-A11F-FF4EF0EC3CC4}.Release|Any CPU.Build.0 = Release|Any CPU
		{861F112F-2790-404B-B556-48A1EADA0FA2}.Debug|Any CPU.ActiveCfg = Debug|Any CPU
		{861F112F-2790-404B-B556-48A1EADA0FA2}.Debug|Any CPU.Build.0 = Debug|Any CPU
		{861F112F-2790-404B-B556-48A1EADA0FA2}.Release|Any CPU.ActiveCfg = Release|Any CPU
		{861F112F-2790-404B-B556-48A1EADA0FA2}.Release|Any CPU.Build.0 = Release|Any CPU
	EndGlobalSection
	GlobalSection(SolutionProperties) = preSolution
		HideSolutionNode = FALSE
	EndGlobalSection
	GlobalSection(NestedProjects) = preSolution
		{2B48E8A6-0C00-410F-B927-84C73C033FD4} = {55DC8071-87A6-45AC-B1E5-370691BFBEB8}
		{306FC817-A961-4283-8804-D2274B3DA3A7} = {2B48E8A6-0C00-410F-B927-84C73C033FD4}
		{3343D1BF-BDE0-4CBB-BB14-FD6F25157176} = {2B48E8A6-0C00-410F-B927-84C73C033FD4}
		{7ACB978D-EAC6-4573-B984-EA130383791E} = {2B48E8A6-0C00-410F-B927-84C73C033FD4}
		{C6519403-E3E0-4BDC-82E8-B8D5F1C026E2} = {2B48E8A6-0C00-410F-B927-84C73C033FD4}
		{3729C217-32C6-4AC5-8A99-2BD6C6C3C7F6} = {2B48E8A6-0C00-410F-B927-84C73C033FD4}
		{04EFCA29-82C8-47F6-A66A-700D8E823800} = {2B48E8A6-0C00-410F-B927-84C73C033FD4}
		{ED9D3429-7EDA-4E15-BD25-4B518650F44F} = {55DC8071-87A6-45AC-B1E5-370691BFBEB8}
		{7DA8B692-5D4C-46A3-8F08-51FA17B2D56C} = {55DC8071-87A6-45AC-B1E5-370691BFBEB8}
		{CD99B323-B0A9-4F88-AD31-6F646E6E69F3} = {55DC8071-87A6-45AC-B1E5-370691BFBEB8}
		{0FF0E550-B2A3-42F8-8A78-2550ED66DEB5} = {496B5D58-CC92-4C46-BAE8-C0B682F57DA5}
		{4F010D67-D69E-4CCB-A935-DBBD48C76176} = {7DA8B692-5D4C-46A3-8F08-51FA17B2D56C}
		{569BFE0A-CA0B-4ABC-92AE-58F2FA46C583} = {4F010D67-D69E-4CCB-A935-DBBD48C76176}
		{1A920ABE-790E-413E-8401-456816C9804A} = {4F010D67-D69E-4CCB-A935-DBBD48C76176}
		{A134B0EE-15CA-4E91-BB2D-3B5D4AC8480C} = {4F010D67-D69E-4CCB-A935-DBBD48C76176}
		{F995CDF7-2C66-48CA-8B1A-6007B60E8B8E} = {04EFCA29-82C8-47F6-A66A-700D8E823800}
		{E42B8D68-A89D-49C2-A2DF-022FBC88837A} = {CD99B323-B0A9-4F88-AD31-6F646E6E69F3}
		{A2FD6860-1E29-4231-B178-F08FD7C1542A} = {3343D1BF-BDE0-4CBB-BB14-FD6F25157176}
		{B9A5F543-81A0-486E-B1D0-1A8C1E9CDFB2} = {306FC817-A961-4283-8804-D2274B3DA3A7}
		{60011C87-8895-48A4-ACFD-F930F7481315} = {7ACB978D-EAC6-4573-B984-EA130383791E}
		{0704205A-F235-46FB-889F-F642EAEE48E9} = {3729C217-32C6-4AC5-8A99-2BD6C6C3C7F6}
		{E6DEE8C7-DDFA-4ACA-A900-1E9052D7F900} = {ED9D3429-7EDA-4E15-BD25-4B518650F44F}
		{7AD79B09-377E-4357-B61F-DA829F90D18E} = {E6DEE8C7-DDFA-4ACA-A900-1E9052D7F900}
		{A74902B0-7D5B-4890-8186-07A9A8803165} = {C6519403-E3E0-4BDC-82E8-B8D5F1C026E2}
		{C7313BC1-C329-4A06-ADE9-43D5E8A41DE2} = {ED9D3429-7EDA-4E15-BD25-4B518650F44F}
		{BDBF0758-2105-4F87-A11F-FF4EF0EC3CC4} = {C7313BC1-C329-4A06-ADE9-43D5E8A41DE2}
	EndGlobalSection
	GlobalSection(ExtensibilityGlobals) = postSolution
		SolutionGuid = {71951147-3FBE-4A77-BDA4-0C9999FA0EBF}
	EndGlobalSection
EndGlobal
